
Microsoft Visual Studio Solution File, Format Version 12.00
# Visual Studio 15
VisualStudioVersion = 15.0.26124.0
MinimumVisualStudioVersion = 15.0.26124.0
Project("{FAE04EC0-301F-11D3-BF4B-00C04F79EFBC}") = "ProAgil.WebApi", "ProAgil.WebApi\ProAgil.WebApi.csproj", "{1F3182FF-EEA5-4348-B051-B48EC4146308}"
EndProject
Project("{FAE04EC0-301F-11D3-BF4B-00C04F79EFBC}") = "ProAgil.Domain", "ProAgil.Domain\ProAgil.Domain.csproj", "{EFA21E4C-DA0D-4C03-9B10-7537D53F5D13}"
EndProject
Project("{FAE04EC0-301F-11D3-BF4B-00C04F79EFBC}") = "ProAgil.Repository", "ProAgil.Repository\ProAgil.Repository.csproj", "{9260697F-76F3-42EC-9B3F-0C69DDFFB577}"
EndProject
Global
	GlobalSection(SolutionConfigurationPlatforms) = preSolution
		Debug|Any CPU = Debug|Any CPU
		Debug|x64 = Debug|x64
		Debug|x86 = Debug|x86
		Release|Any CPU = Release|Any CPU
		Release|x64 = Release|x64
		Release|x86 = Release|x86
	EndGlobalSection
	GlobalSection(SolutionProperties) = preSolution
		HideSolutionNode = FALSE
	EndGlobalSection
	GlobalSection(ProjectConfigurationPlatforms) = postSolution
		{1F3182FF-EEA5-4348-B051-B48EC4146308}.Debug|Any CPU.ActiveCfg = Debug|Any CPU
		{1F3182FF-EEA5-4348-B051-B48EC4146308}.Debug|Any CPU.Build.0 = Debug|Any CPU
		{1F3182FF-EEA5-4348-B051-B48EC4146308}.Debug|x64.ActiveCfg = Debug|Any CPU
		{1F3182FF-EEA5-4348-B051-B48EC4146308}.Debug|x64.Build.0 = Debug|Any CPU
		{1F3182FF-EEA5-4348-B051-B48EC4146308}.Debug|x86.ActiveCfg = Debug|Any CPU
		{1F3182FF-EEA5-4348-B051-B48EC4146308}.Debug|x86.Build.0 = Debug|Any CPU
		{1F3182FF-EEA5-4348-B051-B48EC4146308}.Release|Any CPU.ActiveCfg = Release|Any CPU
		{1F3182FF-EEA5-4348-B051-B48EC4146308}.Release|Any CPU.Build.0 = Release|Any CPU
		{1F3182FF-EEA5-4348-B051-B48EC4146308}.Release|x64.ActiveCfg = Release|Any CPU
		{1F3182FF-EEA5-4348-B051-B48EC4146308}.Release|x64.Build.0 = Release|Any CPU
		{1F3182FF-EEA5-4348-B051-B48EC4146308}.Release|x86.ActiveCfg = Release|Any CPU
		{1F3182FF-EEA5-4348-B051-B48EC4146308}.Release|x86.Build.0 = Release|Any CPU
		{EFA21E4C-DA0D-4C03-9B10-7537D53F5D13}.Debug|Any CPU.ActiveCfg = Debug|Any CPU
		{EFA21E4C-DA0D-4C03-9B10-7537D53F5D13}.Debug|Any CPU.Build.0 = Debug|Any CPU
		{EFA21E4C-DA0D-4C03-9B10-7537D53F5D13}.Debug|x64.ActiveCfg = Debug|Any CPU
		{EFA21E4C-DA0D-4C03-9B10-7537D53F5D13}.Debug|x64.Build.0 = Debug|Any CPU
		{EFA21E4C-DA0D-4C03-9B10-7537D53F5D13}.Debug|x86.ActiveCfg = Debug|Any CPU
		{EFA21E4C-DA0D-4C03-9B10-7537D53F5D13}.Debug|x86.Build.0 = Debug|Any CPU
		{EFA21E4C-DA0D-4C03-9B10-7537D53F5D13}.Release|Any CPU.ActiveCfg = Release|Any CPU
		{EFA21E4C-DA0D-4C03-9B10-7537D53F5D13}.Release|Any CPU.Build.0 = Release|Any CPU
		{EFA21E4C-DA0D-4C03-9B10-7537D53F5D13}.Release|x64.ActiveCfg = Release|Any CPU
		{EFA21E4C-DA0D-4C03-9B10-7537D53F5D13}.Release|x64.Build.0 = Release|Any CPU
		{EFA21E4C-DA0D-4C03-9B10-7537D53F5D13}.Release|x86.ActiveCfg = Release|Any CPU
		{EFA21E4C-DA0D-4C03-9B10-7537D53F5D13}.Release|x86.Build.0 = Release|Any CPU
		{9260697F-76F3-42EC-9B3F-0C69DDFFB577}.Debug|Any CPU.ActiveCfg = Debug|Any CPU
		{9260697F-76F3-42EC-9B3F-0C69DDFFB577}.Debug|Any CPU.Build.0 = Debug|Any CPU
		{9260697F-76F3-42EC-9B3F-0C69DDFFB577}.Debug|x64.ActiveCfg = Debug|Any CPU
		{9260697F-76F3-42EC-9B3F-0C69DDFFB577}.Debug|x64.Build.0 = Debug|Any CPU
		{9260697F-76F3-42EC-9B3F-0C69DDFFB577}.Debug|x86.ActiveCfg = Debug|Any CPU
		{9260697F-76F3-42EC-9B3F-0C69DDFFB577}.Debug|x86.Build.0 = Debug|Any CPU
		{9260697F-76F3-42EC-9B3F-0C69DDFFB577}.Release|Any CPU.ActiveCfg = Release|Any CPU
		{9260697F-76F3-42EC-9B3F-0C69DDFFB577}.Release|Any CPU.Build.0 = Release|Any CPU
		{9260697F-76F3-42EC-9B3F-0C69DDFFB577}.Release|x64.ActiveCfg = Release|Any CPU
		{9260697F-76F3-42EC-9B3F-0C69DDFFB577}.Release|x64.Build.0 = Release|Any CPU
		{9260697F-76F3-42EC-9B3F-0C69DDFFB577}.Release|x86.ActiveCfg = Release|Any CPU
		{9260697F-76F3-42EC-9B3F-0C69DDFFB577}.Release|x86.Build.0 = Release|Any CPU
	EndGlobalSection
EndGlobal
